
Microsoft Visual Studio Solution File, Format Version 12.00
# Visual Studio 15
VisualStudioVersion = 15.0.28010.2050
MinimumVisualStudioVersion = 10.0.40219.1
Project("{FAE04EC0-301F-11D3-BF4B-00C04F79EFBC}") = "EPAM.Task", "EPAM.Task1.Console\EPAM.Task.csproj", "{9E1935A9-8FB1-451C-9084-E186F4C2129B}"
EndProject
Global
	GlobalSection(SolutionConfigurationPlatforms) = preSolution
		Debug|Any CPU = Debug|Any CPU
		Release|Any CPU = Release|Any CPU
	EndGlobalSection
	GlobalSection(ProjectConfigurationPlatforms) = postSolution
		{9E1935A9-8FB1-451C-9084-E186F4C2129B}.Debug|Any CPU.ActiveCfg = Debug|Any CPU
		{9E1935A9-8FB1-451C-9084-E186F4C2129B}.Debug|Any CPU.Build.0 = Debug|Any CPU
		{9E1935A9-8FB1-451C-9084-E186F4C2129B}.Release|Any CPU.ActiveCfg = Release|Any CPU
		{9E1935A9-8FB1-451C-9084-E186F4C2129B}.Release|Any CPU.Build.0 = Release|Any CPU
	EndGlobalSection
	GlobalSection(SolutionProperties) = preSolution
		HideSolutionNode = FALSE
	EndGlobalSection
	GlobalSection(ExtensibilityGlobals) = postSolution
		SolutionGuid = {1DC3C689-F395-4BB1-BCA2-274A54D1622D}
	EndGlobalSection
EndGlobal
